
Microsoft Visual Studio Solution File, Format Version 12.00
Project("{FAE04EC0-301F-11D3-BF4B-00C04F79EFBC}") = "PopUp-Now API", "PopUp-Now API\PopUp-Now API.csproj", "{597641AE-99E1-4A67-9DE1-EF8F2C046110}"
EndProject
Global
	GlobalSection(SolutionConfigurationPlatforms) = preSolution
		Debug|Any CPU = Debug|Any CPU
		Release|Any CPU = Release|Any CPU
	EndGlobalSection
	GlobalSection(ProjectConfigurationPlatforms) = postSolution
		{597641AE-99E1-4A67-9DE1-EF8F2C046110}.Debug|Any CPU.ActiveCfg = Debug|Any CPU
		{597641AE-99E1-4A67-9DE1-EF8F2C046110}.Debug|Any CPU.Build.0 = Debug|Any CPU
		{597641AE-99E1-4A67-9DE1-EF8F2C046110}.Release|Any CPU.ActiveCfg = Release|Any CPU
		{597641AE-99E1-4A67-9DE1-EF8F2C046110}.Release|Any CPU.Build.0 = Release|Any CPU
	EndGlobalSection
EndGlobal
